
Microsoft Visual Studio Solution File, Format Version 12.00
Project("{FAE04EC0-301F-11D3-BF4B-00C04F79EFBC}") = "DayOne", "DayOne\DayOne.csproj", "{193EDDC0-A30E-4AD8-814A-665B5A01EFE0}"
EndProject
Project("{FAE04EC0-301F-11D3-BF4B-00C04F79EFBC}") = "DayTwo", "DayTwo\DayTwo.csproj", "{55D4585E-E5BE-4E2D-A111-49AB9A1FACFC}"
EndProject
Project("{FAE04EC0-301F-11D3-BF4B-00C04F79EFBC}") = "Common", "Common\Common.csproj", "{C0AC17D1-9339-4545-B9BE-7BC1EF979919}"
EndProject
Project("{FAE04EC0-301F-11D3-BF4B-00C04F79EFBC}") = "DayThree", "DayThree\DayThree.csproj", "{02C287E3-E4F7-4FF5-82D0-5A710749467B}"
EndProject
Project("{FAE04EC0-301F-11D3-BF4B-00C04F79EFBC}") = "DayFour", "DayFour\DayFour.csproj", "{F9603572-DA62-4159-91F4-2FAC5E278A02}"
EndProject
Project("{FAE04EC0-301F-11D3-BF4B-00C04F79EFBC}") = "DayFive", "DayFive\DayFive.csproj", "{9C6FCE99-143B-4D09-9A30-A54BA91FA89E}"
EndProject
Project("{FAE04EC0-301F-11D3-BF4B-00C04F79EFBC}") = "DaySix", "DaySix\DaySix.csproj", "{FBA15DA4-78B6-47DD-8DE7-AEE43C16B63F}"
EndProject
Project("{FAE04EC0-301F-11D3-BF4B-00C04F79EFBC}") = "DaySeven", "DaySeven\DaySeven.csproj", "{367F6FE5-00CE-4808-B884-B05291ECC773}"
EndProject
Project("{FAE04EC0-301F-11D3-BF4B-00C04F79EFBC}") = "DayEight", "DayEight\DayEight.csproj", "{2AC6E597-0227-4E1A-904B-C00BDEEF51D2}"
EndProject
Global
	GlobalSection(SolutionConfigurationPlatforms) = preSolution
		Debug|Any CPU = Debug|Any CPU
		Release|Any CPU = Release|Any CPU
	EndGlobalSection
	GlobalSection(ProjectConfigurationPlatforms) = postSolution
		{193EDDC0-A30E-4AD8-814A-665B5A01EFE0}.Debug|Any CPU.ActiveCfg = Debug|Any CPU
		{193EDDC0-A30E-4AD8-814A-665B5A01EFE0}.Debug|Any CPU.Build.0 = Debug|Any CPU
		{193EDDC0-A30E-4AD8-814A-665B5A01EFE0}.Release|Any CPU.ActiveCfg = Release|Any CPU
		{193EDDC0-A30E-4AD8-814A-665B5A01EFE0}.Release|Any CPU.Build.0 = Release|Any CPU
		{55D4585E-E5BE-4E2D-A111-49AB9A1FACFC}.Debug|Any CPU.ActiveCfg = Debug|Any CPU
		{55D4585E-E5BE-4E2D-A111-49AB9A1FACFC}.Debug|Any CPU.Build.0 = Debug|Any CPU
		{55D4585E-E5BE-4E2D-A111-49AB9A1FACFC}.Release|Any CPU.ActiveCfg = Release|Any CPU
		{55D4585E-E5BE-4E2D-A111-49AB9A1FACFC}.Release|Any CPU.Build.0 = Release|Any CPU
		{C0AC17D1-9339-4545-B9BE-7BC1EF979919}.Debug|Any CPU.ActiveCfg = Debug|Any CPU
		{C0AC17D1-9339-4545-B9BE-7BC1EF979919}.Debug|Any CPU.Build.0 = Debug|Any CPU
		{C0AC17D1-9339-4545-B9BE-7BC1EF979919}.Release|Any CPU.ActiveCfg = Release|Any CPU
		{C0AC17D1-9339-4545-B9BE-7BC1EF979919}.Release|Any CPU.Build.0 = Release|Any CPU
		{02C287E3-E4F7-4FF5-82D0-5A710749467B}.Debug|Any CPU.ActiveCfg = Debug|Any CPU
		{02C287E3-E4F7-4FF5-82D0-5A710749467B}.Debug|Any CPU.Build.0 = Debug|Any CPU
		{02C287E3-E4F7-4FF5-82D0-5A710749467B}.Release|Any CPU.ActiveCfg = Release|Any CPU
		{02C287E3-E4F7-4FF5-82D0-5A710749467B}.Release|Any CPU.Build.0 = Release|Any CPU
		{F9603572-DA62-4159-91F4-2FAC5E278A02}.Debug|Any CPU.ActiveCfg = Debug|Any CPU
		{F9603572-DA62-4159-91F4-2FAC5E278A02}.Debug|Any CPU.Build.0 = Debug|Any CPU
		{F9603572-DA62-4159-91F4-2FAC5E278A02}.Release|Any CPU.ActiveCfg = Release|Any CPU
		{F9603572-DA62-4159-91F4-2FAC5E278A02}.Release|Any CPU.Build.0 = Release|Any CPU
		{9C6FCE99-143B-4D09-9A30-A54BA91FA89E}.Debug|Any CPU.ActiveCfg = Debug|Any CPU
		{9C6FCE99-143B-4D09-9A30-A54BA91FA89E}.Debug|Any CPU.Build.0 = Debug|Any CPU
		{9C6FCE99-143B-4D09-9A30-A54BA91FA89E}.Release|Any CPU.ActiveCfg = Release|Any CPU
		{9C6FCE99-143B-4D09-9A30-A54BA91FA89E}.Release|Any CPU.Build.0 = Release|Any CPU
		{FBA15DA4-78B6-47DD-8DE7-AEE43C16B63F}.Debug|Any CPU.ActiveCfg = Debug|Any CPU
		{FBA15DA4-78B6-47DD-8DE7-AEE43C16B63F}.Debug|Any CPU.Build.0 = Debug|Any CPU
		{FBA15DA4-78B6-47DD-8DE7-AEE43C16B63F}.Release|Any CPU.ActiveCfg = Release|Any CPU
		{FBA15DA4-78B6-47DD-8DE7-AEE43C16B63F}.Release|Any CPU.Build.0 = Release|Any CPU
		{367F6FE5-00CE-4808-B884-B05291ECC773}.Debug|Any CPU.ActiveCfg = Debug|Any CPU
		{367F6FE5-00CE-4808-B884-B05291ECC773}.Debug|Any CPU.Build.0 = Debug|Any CPU
		{367F6FE5-00CE-4808-B884-B05291ECC773}.Release|Any CPU.ActiveCfg = Release|Any CPU
		{367F6FE5-00CE-4808-B884-B05291ECC773}.Release|Any CPU.Build.0 = Release|Any CPU
		{2AC6E597-0227-4E1A-904B-C00BDEEF51D2}.Debug|Any CPU.ActiveCfg = Debug|Any CPU
		{2AC6E597-0227-4E1A-904B-C00BDEEF51D2}.Debug|Any CPU.Build.0 = Debug|Any CPU
		{2AC6E597-0227-4E1A-904B-C00BDEEF51D2}.Release|Any CPU.ActiveCfg = Release|Any CPU
		{2AC6E597-0227-4E1A-904B-C00BDEEF51D2}.Release|Any CPU.Build.0 = Release|Any CPU
	EndGlobalSection
EndGlobal
